
Microsoft Visual Studio Solution File, Format Version 12.00
# Visual Studio 15
Project("{FAE04EC0-301F-11D3-BF4B-00C04F79EFBC}") = "ConsoleAppUsingLibgit", "ConsoleAppUsingLibgit\ConsoleAppUsingLibgit.csproj", "{9BDD3F22-F9C7-47FA-A14D-4040DC0083BF}"
EndProject
Project("{FAE04EC0-301F-11D3-BF4B-00C04F79EFBC}") = "ConsoleAppUsingGrpc", "ConsoleAppUsingGrpc\ConsoleAppUsingGrpc.csproj", "{C925C309-9EC5-4630-AF27-F2E00B7A3E1D}"
EndProject
Global
	GlobalSection(SolutionConfigurationPlatforms) = preSolution
		Debug|Any CPU = Debug|Any CPU
		Release|Any CPU = Release|Any CPU
	EndGlobalSection
	GlobalSection(ProjectConfigurationPlatforms) = postSolution
		{9BDD3F22-F9C7-47FA-A14D-4040DC0083BF}.Debug|Any CPU.ActiveCfg = Debug|Any CPU
		{9BDD3F22-F9C7-47FA-A14D-4040DC0083BF}.Debug|Any CPU.Build.0 = Debug|Any CPU
		{9BDD3F22-F9C7-47FA-A14D-4040DC0083BF}.Release|Any CPU.ActiveCfg = Release|Any CPU
		{9BDD3F22-F9C7-47FA-A14D-4040DC0083BF}.Release|Any CPU.Build.0 = Release|Any CPU
		{C925C309-9EC5-4630-AF27-F2E00B7A3E1D}.Debug|Any CPU.ActiveCfg = Debug|Any CPU
		{C925C309-9EC5-4630-AF27-F2E00B7A3E1D}.Debug|Any CPU.Build.0 = Debug|Any CPU
		{C925C309-9EC5-4630-AF27-F2E00B7A3E1D}.Release|Any CPU.ActiveCfg = Release|Any CPU
		{C925C309-9EC5-4630-AF27-F2E00B7A3E1D}.Release|Any CPU.Build.0 = Release|Any CPU
	EndGlobalSection
EndGlobal
